
Microsoft Visual Studio Solution File, Format Version 12.00
# Visual Studio 15
VisualStudioVersion = 15.0.26730.3
MinimumVisualStudioVersion = 10.0.40219.1
Project("{9A19103F-16F7-4668-BE54-9A1E7A4F7556}") = "wpg", "wpg\wpg.csproj", "{F898C578-2556-438B-A1E0-E1C5F244CAB5}"
EndProject
Project("{9A19103F-16F7-4668-BE54-9A1E7A4F7556}") = "wpg.Core", "wpg.Core\wpg.Core.csproj", "{78CF9E88-F58C-4A28-805F-7E4A36EF466C}"
EndProject
Project("{9A19103F-16F7-4668-BE54-9A1E7A4F7556}") = "wpg.Infrastructure", "wpg.Infrastructure\wpg.Infrastructure.csproj", "{5718A8A9-5764-4AAA-95C7-70AC89520F34}"
EndProject
Project("{FAE04EC0-301F-11D3-BF4B-00C04F79EFBC}") = "wpg.webApi", "wpg.webApi\wpg.webApi.csproj", "{6F8F335D-FF51-42E8-B6E0-ED2D3D895816}"
EndProject
Global
	GlobalSection(SolutionConfigurationPlatforms) = preSolution
		Debug|Any CPU = Debug|Any CPU
		Release|Any CPU = Release|Any CPU
	EndGlobalSection
	GlobalSection(ProjectConfigurationPlatforms) = postSolution
		{F898C578-2556-438B-A1E0-E1C5F244CAB5}.Debug|Any CPU.ActiveCfg = Debug|Any CPU
		{F898C578-2556-438B-A1E0-E1C5F244CAB5}.Debug|Any CPU.Build.0 = Debug|Any CPU
		{F898C578-2556-438B-A1E0-E1C5F244CAB5}.Release|Any CPU.ActiveCfg = Release|Any CPU
		{F898C578-2556-438B-A1E0-E1C5F244CAB5}.Release|Any CPU.Build.0 = Release|Any CPU
		{78CF9E88-F58C-4A28-805F-7E4A36EF466C}.Debug|Any CPU.ActiveCfg = Debug|Any CPU
		{78CF9E88-F58C-4A28-805F-7E4A36EF466C}.Debug|Any CPU.Build.0 = Debug|Any CPU
		{78CF9E88-F58C-4A28-805F-7E4A36EF466C}.Release|Any CPU.ActiveCfg = Release|Any CPU
		{78CF9E88-F58C-4A28-805F-7E4A36EF466C}.Release|Any CPU.Build.0 = Release|Any CPU
		{5718A8A9-5764-4AAA-95C7-70AC89520F34}.Debug|Any CPU.ActiveCfg = Debug|Any CPU
		{5718A8A9-5764-4AAA-95C7-70AC89520F34}.Debug|Any CPU.Build.0 = Debug|Any CPU
		{5718A8A9-5764-4AAA-95C7-70AC89520F34}.Release|Any CPU.ActiveCfg = Release|Any CPU
		{5718A8A9-5764-4AAA-95C7-70AC89520F34}.Release|Any CPU.Build.0 = Release|Any CPU
		{6F8F335D-FF51-42E8-B6E0-ED2D3D895816}.Debug|Any CPU.ActiveCfg = Debug|Any CPU
		{6F8F335D-FF51-42E8-B6E0-ED2D3D895816}.Debug|Any CPU.Build.0 = Debug|Any CPU
		{6F8F335D-FF51-42E8-B6E0-ED2D3D895816}.Release|Any CPU.ActiveCfg = Release|Any CPU
		{6F8F335D-FF51-42E8-B6E0-ED2D3D895816}.Release|Any CPU.Build.0 = Release|Any CPU
	EndGlobalSection
	GlobalSection(SolutionProperties) = preSolution
		HideSolutionNode = FALSE
	EndGlobalSection
	GlobalSection(ExtensibilityGlobals) = postSolution
		SolutionGuid = {79376C8D-B1BA-4386-BA72-2D49FC160CA1}
	EndGlobalSection
EndGlobal
